
Microsoft Visual Studio Solution File, Format Version 12.00
# Visual Studio Version 17
VisualStudioVersion = 17.6.33829.357
MinimumVisualStudioVersion = 10.0.40219.1
Project("{9A19103F-16F7-4668-BE54-9A1E7A4F7556}") = "EasySolutionHospital", "EasySolutionHospital\EasySolutionHospital.csproj", "{1ACF8085-65E6-48A6-9616-C4CBEF60CEBF}"
EndProject
Project("{9A19103F-16F7-4668-BE54-9A1E7A4F7556}") = "EasySolutionHospital.Shared", "EasySolutionHospital.Shared\EasySolutionHospital.Shared.csproj", "{443E7A2A-C97D-4A32-B044-7CC2A6F2BA52}"
EndProject
Project("{9A19103F-16F7-4668-BE54-9A1E7A4F7556}") = "EasySolutionHospital.API", "EasySolutionHospital.API\EasySolutionHospital.API.csproj", "{5CA54A8D-1D5A-494F-98A8-F33420D396BC}"
EndProject
Global
	GlobalSection(SolutionConfigurationPlatforms) = preSolution
		Debug|Any CPU = Debug|Any CPU
		Release|Any CPU = Release|Any CPU
	EndGlobalSection
	GlobalSection(ProjectConfigurationPlatforms) = postSolution
		{1ACF8085-65E6-48A6-9616-C4CBEF60CEBF}.Debug|Any CPU.ActiveCfg = Debug|Any CPU
		{1ACF8085-65E6-48A6-9616-C4CBEF60CEBF}.Debug|Any CPU.Build.0 = Debug|Any CPU
		{1ACF8085-65E6-48A6-9616-C4CBEF60CEBF}.Release|Any CPU.ActiveCfg = Release|Any CPU
		{1ACF8085-65E6-48A6-9616-C4CBEF60CEBF}.Release|Any CPU.Build.0 = Release|Any CPU
		{443E7A2A-C97D-4A32-B044-7CC2A6F2BA52}.Debug|Any CPU.ActiveCfg = Debug|Any CPU
		{443E7A2A-C97D-4A32-B044-7CC2A6F2BA52}.Debug|Any CPU.Build.0 = Debug|Any CPU
		{443E7A2A-C97D-4A32-B044-7CC2A6F2BA52}.Release|Any CPU.ActiveCfg = Release|Any CPU
		{443E7A2A-C97D-4A32-B044-7CC2A6F2BA52}.Release|Any CPU.Build.0 = Release|Any CPU
		{5CA54A8D-1D5A-494F-98A8-F33420D396BC}.Debug|Any CPU.ActiveCfg = Debug|Any CPU
		{5CA54A8D-1D5A-494F-98A8-F33420D396BC}.Debug|Any CPU.Build.0 = Debug|Any CPU
		{5CA54A8D-1D5A-494F-98A8-F33420D396BC}.Release|Any CPU.ActiveCfg = Release|Any CPU
		{5CA54A8D-1D5A-494F-98A8-F33420D396BC}.Release|Any CPU.Build.0 = Release|Any CPU
	EndGlobalSection
	GlobalSection(SolutionProperties) = preSolution
		HideSolutionNode = FALSE
	EndGlobalSection
	GlobalSection(ExtensibilityGlobals) = postSolution
		SolutionGuid = {AECE6ACC-ACC5-44B9-8AB9-FA39B1272CA8}
	EndGlobalSection
EndGlobal
